// !$*UTF8*$!
{
	archiveVersion = 1;
	classes = {
	};
	objectVersion = 56;
	objects = {

/* Begin PBXBuildFile section */
		797FAFEE2DFDB8D700057EAB /* AppDelegate.swift in Sources */ = {isa = PBXBuildFile; fileRef = 797FAFED2DFDB8D700057EAB /* AppDelegate.swift */; };
		797FAFF02DFDB8D700057EAB /* SceneDelegate.swift in Sources */ = {isa = PBXBuildFile; fileRef = 797FAFEF2DFDB8D700057EAB /* SceneDelegate.swift */; };
		797FAFF22DFDB8D700057EAB /* ViewController.swift in Sources */ = {isa = PBXBuildFile; fileRef = 797FAFF12DFDB8D700057EAB /* ViewController.swift */; };
		797FAFF52DFDB8D700057EAB /* Main.storyboard in Resources */ = {isa = PBXBuildFile; fileRef = 797FAFF32DFDB8D700057EAB /* Main.storyboard */; };
		797FAFF72DFDB8D800057EAB /* Assets.xcassets in Resources */ = {isa = PBXBuildFile; fileRef = 797FAFF62DFDB8D800057EAB /* Assets.xcassets */; };
		797FAFFA2DFDB8D800057EAB /* LaunchScreen.storyboard in Resources */ = {isa = PBXBuildFile; fileRef = 797FAFF82DFDB8D800057EAB /* LaunchScreen.storyboard */; };
		797FB0052DFEB24300057EAB /* FirebaseAnalytics in Frameworks */ = {isa = PBXBuildFile; productRef = 797FB0042DFEB24300057EAB /* FirebaseAnalytics */; };
		797FB0072DFEB24300057EAB /* FirebaseCore in Frameworks */ = {isa = PBXBuildFile; productRef = 797FB0062DFEB24300057EAB /* FirebaseCore */; };
		797FB0092DFEB24300057EAB /* FirebaseMessaging in Frameworks */ = {isa = PBXBuildFile; productRef = 797FB0082DFEB24300057EAB /* FirebaseMessaging */; };
		797FB00B2DFEB24300057EAB /* FirebaseRemoteConfig in Frameworks */ = {isa = PBXBuildFile; productRef = 797FB00A2DFEB24300057EAB /* FirebaseRemoteConfig */; };
		797FB00D2DFEB2AD00057EAB /* GoogleService-Info.plist in Resources */ = {isa = PBXBuildFile; fileRef = 797FB00C2DFEB2AD00057EAB /* GoogleService-Info.plist */; };
		797FB0152DFEBAC400057EAB /* Constants.swift in Sources */ = {isa = PBXBuildFile; fileRef = 797FB0142DFEBAC400057EAB /* Constants.swift */; };
		797FB0182DFEBAEE00057EAB /* loading.json in Resources */ = {isa = PBXBuildFile; fileRef = 797FB0172DFEBAEE00057EAB /* loading.json */; };
		797FB01A2DFEBB0D00057EAB /* NetworkManager.swift in Sources */ = {isa = PBXBuildFile; fileRef = 797FB0192DFEBB0D00057EAB /* NetworkManager.swift */; };
		797FB01C2DFEBB1E00057EAB /* APIEndpoints.swift in Sources */ = {isa = PBXBuildFile; fileRef = 797FB01B2DFEBB1E00057EAB /* APIEndpoints.swift */; };
		797FB01E2DFEBB3100057EAB /* ConnectivityMonitor.swift in Sources */ = {isa = PBXBuildFile; fileRef = 797FB01D2DFEBB3100057EAB /* ConnectivityMonitor.swift */; };
		797FB0202DFEBB4000057EAB /* AlertHelper.swift in Sources */ = {isa = PBXBuildFile; fileRef = 797FB01F2DFEBB4000057EAB /* AlertHelper.swift */; };
		797FB0222DFEBB7700057EAB /* UIView+Extensions.swift in Sources */ = {isa = PBXBuildFile; fileRef = 797FB0212DFEBB7700057EAB /* UIView+Extensions.swift */; };
		797FB0242DFEBB8D00057EAB /* UIImageView+Kingfisher.swift in Sources */ = {isa = PBXBuildFile; fileRef = 797FB0232DFEBB8D00057EAB /* UIImageView+Kingfisher.swift */; };
		797FB0262DFEBB9900057EAB /* String+Trim.swift in Sources */ = {isa = PBXBuildFile; fileRef = 797FB0252DFEBB9900057EAB /* String+Trim.swift */; };
		797FB0292DFEBBBD00057EAB /* MovieService.swift in Sources */ = {isa = PBXBuildFile; fileRef = 797FB0282DFEBBBD00057EAB /* MovieService.swift */; };
		797FB02B2DFEBBCE00057EAB /* RemoteConfigService.swift in Sources */ = {isa = PBXBuildFile; fileRef = 797FB02A2DFEBBCE00057EAB /* RemoteConfigService.swift */; };
		797FB02D2DFEBBE100057EAB /* AnalyticsService.swift in Sources */ = {isa = PBXBuildFile; fileRef = 797FB02C2DFEBBE100057EAB /* AnalyticsService.swift */; };
		797FB02F2DFEBBFA00057EAB /* NotificationService.swift in Sources */ = {isa = PBXBuildFile; fileRef = 797FB02E2DFEBBFA00057EAB /* NotificationService.swift */; };
		797FB0352DFEBC8100057EAB /* SplashViewController.swift in Sources */ = {isa = PBXBuildFile; fileRef = 797FB0342DFEBC8100057EAB /* SplashViewController.swift */; };
		797FB0372DFEBC9400057EAB /* SplashViewModel.swift in Sources */ = {isa = PBXBuildFile; fileRef = 797FB0362DFEBC9400057EAB /* SplashViewModel.swift */; };
		797FB0392DFEBCA100057EAB /* HomeViewController.swift in Sources */ = {isa = PBXBuildFile; fileRef = 797FB0382DFEBCA100057EAB /* HomeViewController.swift */; };
		797FB03F2DFEBCCF00057EAB /* HomeViewModel.swift in Sources */ = {isa = PBXBuildFile; fileRef = 797FB03E2DFEBCCF00057EAB /* HomeViewModel.swift */; };
		797FB0412DFEBD0200057EAB /* DetailViewController.swift in Sources */ = {isa = PBXBuildFile; fileRef = 797FB0402DFEBD0200057EAB /* DetailViewController.swift */; };
		797FB0432DFEBD1400057EAB /* DetailViewModel.swift in Sources */ = {isa = PBXBuildFile; fileRef = 797FB0422DFEBD1400057EAB /* DetailViewModel.swift */; };
/* End PBXBuildFile section */

/* Begin PBXFileReference section */
		797FAFEA2DFDB8D700057EAB /* LoodosCase.app */ = {isa = PBXFileReference; explicitFileType = wrapper.application; includeInIndex = 0; path = LoodosCase.app; sourceTree = BUILT_PRODUCTS_DIR; };
		797FAFED2DFDB8D700057EAB /* AppDelegate.swift */ = {isa = PBXFileReference; lastKnownFileType = sourcecode.swift; path = AppDelegate.swift; sourceTree = "<group>"; };
		797FAFEF2DFDB8D700057EAB /* SceneDelegate.swift */ = {isa = PBXFileReference; lastKnownFileType = sourcecode.swift; path = SceneDelegate.swift; sourceTree = "<group>"; };
		797FAFF12DFDB8D700057EAB /* ViewController.swift */ = {isa = PBXFileReference; lastKnownFileType = sourcecode.swift; path = ViewController.swift; sourceTree = "<group>"; };
		797FAFF42DFDB8D700057EAB /* Base */ = {isa = PBXFileReference; lastKnownFileType = file.storyboard; name = Base; path = Base.lproj/Main.storyboard; sourceTree = "<group>"; };
		797FAFF62DFDB8D800057EAB /* Assets.xcassets */ = {isa = PBXFileReference; lastKnownFileType = folder.assetcatalog; path = Assets.xcassets; sourceTree = "<group>"; };
		797FAFF92DFDB8D800057EAB /* Base */ = {isa = PBXFileReference; lastKnownFileType = file.storyboard; name = Base; path = Base.lproj/LaunchScreen.storyboard; sourceTree = "<group>"; };
		797FAFFB2DFDB8D800057EAB /* Info.plist */ = {isa = PBXFileReference; lastKnownFileType = text.plist.xml; path = Info.plist; sourceTree = "<group>"; };
		797FB00C2DFEB2AD00057EAB /* GoogleService-Info.plist */ = {isa = PBXFileReference; fileEncoding = 4; lastKnownFileType = text.plist.xml; path = "GoogleService-Info.plist"; sourceTree = "<group>"; };
		797FB0142DFEBAC400057EAB /* Constants.swift */ = {isa = PBXFileReference; lastKnownFileType = sourcecode.swift; path = Constants.swift; sourceTree = "<group>"; };
		797FB0172DFEBAEE00057EAB /* loading.json */ = {isa = PBXFileReference; lastKnownFileType = text.json; path = loading.json; sourceTree = "<group>"; };
		797FB0192DFEBB0D00057EAB /* NetworkManager.swift */ = {isa = PBXFileReference; lastKnownFileType = sourcecode.swift; path = NetworkManager.swift; sourceTree = "<group>"; };
		797FB01B2DFEBB1E00057EAB /* APIEndpoints.swift */ = {isa = PBXFileReference; lastKnownFileType = sourcecode.swift; path = APIEndpoints.swift; sourceTree = "<group>"; };
		797FB01D2DFEBB3100057EAB /* ConnectivityMonitor.swift */ = {isa = PBXFileReference; lastKnownFileType = sourcecode.swift; path = ConnectivityMonitor.swift; sourceTree = "<group>"; };
		797FB01F2DFEBB4000057EAB /* AlertHelper.swift */ = {isa = PBXFileReference; lastKnownFileType = sourcecode.swift; path = AlertHelper.swift; sourceTree = "<group>"; };
		797FB0212DFEBB7700057EAB /* UIView+Extensions.swift */ = {isa = PBXFileReference; lastKnownFileType = sourcecode.swift; path = "UIView+Extensions.swift"; sourceTree = "<group>"; };
		797FB0232DFEBB8D00057EAB /* UIImageView+Kingfisher.swift */ = {isa = PBXFileReference; lastKnownFileType = sourcecode.swift; path = "UIImageView+Kingfisher.swift"; sourceTree = "<group>"; };
		797FB0252DFEBB9900057EAB /* String+Trim.swift */ = {isa = PBXFileReference; lastKnownFileType = sourcecode.swift; path = "String+Trim.swift"; sourceTree = "<group>"; };
		797FB0282DFEBBBD00057EAB /* MovieService.swift */ = {isa = PBXFileReference; lastKnownFileType = sourcecode.swift; path = MovieService.swift; sourceTree = "<group>"; };
		797FB02A2DFEBBCE00057EAB /* RemoteConfigService.swift */ = {isa = PBXFileReference; lastKnownFileType = sourcecode.swift; path = RemoteConfigService.swift; sourceTree = "<group>"; };
		797FB02C2DFEBBE100057EAB /* AnalyticsService.swift */ = {isa = PBXFileReference; lastKnownFileType = sourcecode.swift; path = AnalyticsService.swift; sourceTree = "<group>"; };
		797FB02E2DFEBBFA00057EAB /* NotificationService.swift */ = {isa = PBXFileReference; lastKnownFileType = sourcecode.swift; path = NotificationService.swift; sourceTree = "<group>"; };
		797FB0342DFEBC8100057EAB /* SplashViewController.swift */ = {isa = PBXFileReference; lastKnownFileType = sourcecode.swift; path = SplashViewController.swift; sourceTree = "<group>"; };
		797FB0362DFEBC9400057EAB /* SplashViewModel.swift */ = {isa = PBXFileReference; lastKnownFileType = sourcecode.swift; path = SplashViewModel.swift; sourceTree = "<group>"; };
		797FB0382DFEBCA100057EAB /* HomeViewController.swift */ = {isa = PBXFileReference; lastKnownFileType = sourcecode.swift; path = HomeViewController.swift; sourceTree = "<group>"; };
		797FB03E2DFEBCCF00057EAB /* HomeViewModel.swift */ = {isa = PBXFileReference; lastKnownFileType = sourcecode.swift; path = HomeViewModel.swift; sourceTree = "<group>"; };
		797FB0402DFEBD0200057EAB /* DetailViewController.swift */ = {isa = PBXFileReference; lastKnownFileType = sourcecode.swift; path = DetailViewController.swift; sourceTree = "<group>"; };
		797FB0422DFEBD1400057EAB /* DetailViewModel.swift */ = {isa = PBXFileReference; lastKnownFileType = sourcecode.swift; path = DetailViewModel.swift; sourceTree = "<group>"; };
/* End PBXFileReference section */

/* Begin PBXFrameworksBuildPhase section */
		797FAFE72DFDB8D700057EAB /* Frameworks */ = {
			isa = PBXFrameworksBuildPhase;
			buildActionMask = 2147483647;
			files = (
				797FB0092DFEB24300057EAB /* FirebaseMessaging in Frameworks */,
				797FB0072DFEB24300057EAB /* FirebaseCore in Frameworks */,
				797FB0052DFEB24300057EAB /* FirebaseAnalytics in Frameworks */,
				797FB00B2DFEB24300057EAB /* FirebaseRemoteConfig in Frameworks */,
			);
			runOnlyForDeploymentPostprocessing = 0;
		};
/* End PBXFrameworksBuildPhase section */

/* Begin PBXGroup section */
		797FAFE12DFDB8D700057EAB = {
			isa = PBXGroup;
			children = (
				797FB00C2DFEB2AD00057EAB /* GoogleService-Info.plist */,
				797FAFEC2DFDB8D700057EAB /* LoodosCase */,
				797FAFEB2DFDB8D700057EAB /* Products */,
			);
			sourceTree = "<group>";
		};
		797FAFEB2DFDB8D700057EAB /* Products */ = {
			isa = PBXGroup;
			children = (
				797FAFEA2DFDB8D700057EAB /* LoodosCase.app */,
			);
			name = Products;
			sourceTree = "<group>";
		};
		797FAFEC2DFDB8D700057EAB /* LoodosCase */ = {
			isa = PBXGroup;
			children = (
				797FB00E2DFEB30800057EAB /* App */,
				797FB00F2DFEB31C00057EAB /* Resources */,
				797FB0102DFEB33A00057EAB /* Core */,
				797FB0272DFEBBA100057EAB /* Models */,
				797FB0302DFEBC4400057EAB /* Modules */,
				797FAFF12DFDB8D700057EAB /* ViewController.swift */,
				797FAFF32DFDB8D700057EAB /* Main.storyboard */,
				797FAFFB2DFDB8D800057EAB /* Info.plist */,
			);
			path = LoodosCase;
			sourceTree = "<group>";
		};
		797FB00E2DFEB30800057EAB /* App */ = {
			isa = PBXGroup;
			children = (
				797FAFED2DFDB8D700057EAB /* AppDelegate.swift */,
				797FAFEF2DFDB8D700057EAB /* SceneDelegate.swift */,
				797FB0142DFEBAC400057EAB /* Constants.swift */,
			);
			path = App;
			sourceTree = "<group>";
		};
		797FB00F2DFEB31C00057EAB /* Resources */ = {
			isa = PBXGroup;
			children = (
				797FAFF62DFDB8D800057EAB /* Assets.xcassets */,
				797FAFF82DFDB8D800057EAB /* LaunchScreen.storyboard */,
				797FB0162DFEBAD700057EAB /* Lottie */,
			);
			path = Resources;
			sourceTree = "<group>";
		};
		797FB0102DFEB33A00057EAB /* Core */ = {
			isa = PBXGroup;
			children = (
				797FB0112DFEBA6A00057EAB /* Network */,
				797FB0122DFEBA7400057EAB /* Utils */,
				797FB0132DFEBA7B00057EAB /* Extensions */,
			);
			path = Core;
			sourceTree = "<group>";
		};
		797FB0112DFEBA6A00057EAB /* Network */ = {
			isa = PBXGroup;
			children = (
				797FB0192DFEBB0D00057EAB /* NetworkManager.swift */,
				797FB01B2DFEBB1E00057EAB /* APIEndpoints.swift */,
			);
			path = Network;
			sourceTree = "<group>";
		};
		797FB0122DFEBA7400057EAB /* Utils */ = {
			isa = PBXGroup;
			children = (
				797FB01D2DFEBB3100057EAB /* ConnectivityMonitor.swift */,
				797FB01F2DFEBB4000057EAB /* AlertHelper.swift */,
			);
			path = Utils;
			sourceTree = "<group>";
		};
		797FB0132DFEBA7B00057EAB /* Extensions */ = {
			isa = PBXGroup;
			children = (
				797FB0212DFEBB7700057EAB /* UIView+Extensions.swift */,
				797FB0232DFEBB8D00057EAB /* UIImageView+Kingfisher.swift */,
				797FB0252DFEBB9900057EAB /* String+Trim.swift */,
			);
			path = Extensions;
			sourceTree = "<group>";
		};
		797FB0162DFEBAD700057EAB /* Lottie */ = {
			isa = PBXGroup;
			children = (
				797FB0172DFEBAEE00057EAB /* loading.json */,
			);
			path = Lottie;
			sourceTree = "<group>";
		};
		797FB0272DFEBBA100057EAB /* Models */ = {
			isa = PBXGroup;
			children = (
				797FB0282DFEBBBD00057EAB /* MovieService.swift */,
				797FB02A2DFEBBCE00057EAB /* RemoteConfigService.swift */,
				797FB02C2DFEBBE100057EAB /* AnalyticsService.swift */,
				797FB02E2DFEBBFA00057EAB /* NotificationService.swift */,
			);
			path = Models;
			sourceTree = "<group>";
		};
		797FB0302DFEBC4400057EAB /* Modules */ = {
			isa = PBXGroup;
			children = (
				797FB0312DFEBC5800057EAB /* Splash */,
				797FB0322DFEBC5E00057EAB /* Home */,
				797FB0332DFEBC6300057EAB /* Detail */,
			);
			path = Modules;
			sourceTree = "<group>";
		};
		797FB0312DFEBC5800057EAB /* Splash */ = {
			isa = PBXGroup;
			children = (
				797FB0342DFEBC8100057EAB /* SplashViewController.swift */,
				797FB0362DFEBC9400057EAB /* SplashViewModel.swift */,
			);
			path = Splash;
			sourceTree = "<group>";
		};
		797FB0322DFEBC5E00057EAB /* Home */ = {
			isa = PBXGroup;
			children = (
				797FB0382DFEBCA100057EAB /* HomeViewController.swift */,
				797FB03E2DFEBCCF00057EAB /* HomeViewModel.swift */,
			);
			path = Home;
			sourceTree = "<group>";
		};
		797FB0332DFEBC6300057EAB /* Detail */ = {
			isa = PBXGroup;
			children = (
				797FB0402DFEBD0200057EAB /* DetailViewController.swift */,
				797FB0422DFEBD1400057EAB /* DetailViewModel.swift */,
			);
			path = Detail;
			sourceTree = "<group>";
		};
/* End PBXGroup section */

/* Begin PBXNativeTarget section */
		797FAFE92DFDB8D700057EAB /* LoodosCase */ = {
			isa = PBXNativeTarget;
			buildConfigurationList = 797FAFFE2DFDB8D800057EAB /* Build configuration list for PBXNativeTarget "LoodosCase" */;
			buildPhases = (
				797FAFE62DFDB8D700057EAB /* Sources */,
				797FAFE72DFDB8D700057EAB /* Frameworks */,
				797FAFE82DFDB8D700057EAB /* Resources */,
			);
			buildRules = (
			);
			dependencies = (
			);
			name = LoodosCase;
			packageProductDependencies = (
				797FB0042DFEB24300057EAB /* FirebaseAnalytics */,
				797FB0062DFEB24300057EAB /* FirebaseCore */,
				797FB0082DFEB24300057EAB /* FirebaseMessaging */,
				797FB00A2DFEB24300057EAB /* FirebaseRemoteConfig */,
			);
			productName = LoodosCase;
			productReference = 797FAFEA2DFDB8D700057EAB /* LoodosCase.app */;
			productType = "com.apple.product-type.application";
		};
/* End PBXNativeTarget section */

/* Begin PBXProject section */
		797FAFE22DFDB8D700057EAB /* Project object */ = {
			isa = PBXProject;
			attributes = {
				BuildIndependentTargetsInParallel = 1;
				LastSwiftUpdateCheck = 1500;
				LastUpgradeCheck = 1500;
				TargetAttributes = {
					797FAFE92DFDB8D700057EAB = {
						CreatedOnToolsVersion = 15.0.1;
					};
				};
			};
			buildConfigurationList = 797FAFE52DFDB8D700057EAB /* Build configuration list for PBXProject "LoodosCase" */;
			compatibilityVersion = "Xcode 14.0";
			developmentRegion = en;
			hasScannedForEncodings = 0;
			knownRegions = (
				en,
				Base,
			);
			mainGroup = 797FAFE12DFDB8D700057EAB;
			packageReferences = (
				797FB0032DFEB24300057EAB /* XCRemoteSwiftPackageReference "firebase-ios-sdk" */,
			);
			productRefGroup = 797FAFEB2DFDB8D700057EAB /* Products */;
			projectDirPath = "";
			projectRoot = "";
			targets = (
				797FAFE92DFDB8D700057EAB /* LoodosCase */,
			);
		};
/* End PBXProject section */

/* Begin PBXResourcesBuildPhase section */
		797FAFE82DFDB8D700057EAB /* Resources */ = {
			isa = PBXResourcesBuildPhase;
			buildActionMask = 2147483647;
			files = (
				797FAFFA2DFDB8D800057EAB /* LaunchScreen.storyboard in Resources */,
				797FB00D2DFEB2AD00057EAB /* GoogleService-Info.plist in Resources */,
				797FAFF72DFDB8D800057EAB /* Assets.xcassets in Resources */,
				797FAFF52DFDB8D700057EAB /* Main.storyboard in Resources */,
				797FB0182DFEBAEE00057EAB /* loading.json in Resources */,
			);
			runOnlyForDeploymentPostprocessing = 0;
		};
/* End PBXResourcesBuildPhase section */

/* Begin PBXSourcesBuildPhase section */
		797FAFE62DFDB8D700057EAB /* Sources */ = {
			isa = PBXSourcesBuildPhase;
			buildActionMask = 2147483647;
			files = (
				797FB03F2DFEBCCF00057EAB /* HomeViewModel.swift in Sources */,
				797FAFF22DFDB8D700057EAB /* ViewController.swift in Sources */,
				797FB02B2DFEBBCE00057EAB /* RemoteConfigService.swift in Sources */,
				797FAFEE2DFDB8D700057EAB /* AppDelegate.swift in Sources */,
				797FB0262DFEBB9900057EAB /* String+Trim.swift in Sources */,
				797FB0242DFEBB8D00057EAB /* UIImageView+Kingfisher.swift in Sources */,
				797FB0392DFEBCA100057EAB /* HomeViewController.swift in Sources */,
				797FB0412DFEBD0200057EAB /* DetailViewController.swift in Sources */,
				797FB01A2DFEBB0D00057EAB /* NetworkManager.swift in Sources */,
				797FB0222DFEBB7700057EAB /* UIView+Extensions.swift in Sources */,
				797FB0292DFEBBBD00057EAB /* MovieService.swift in Sources */,
				797FB01E2DFEBB3100057EAB /* ConnectivityMonitor.swift in Sources */,
				797FB0202DFEBB4000057EAB /* AlertHelper.swift in Sources */,
				797FB01C2DFEBB1E00057EAB /* APIEndpoints.swift in Sources */,
				797FB0372DFEBC9400057EAB /* SplashViewModel.swift in Sources */,
				797FAFF02DFDB8D700057EAB /* SceneDelegate.swift in Sources */,
				797FB0432DFEBD1400057EAB /* DetailViewModel.swift in Sources */,
				797FB02D2DFEBBE100057EAB /* AnalyticsService.swift in Sources */,
				797FB02F2DFEBBFA00057EAB /* NotificationService.swift in Sources */,
				797FB0152DFEBAC400057EAB /* Constants.swift in Sources */,
				797FB0352DFEBC8100057EAB /* SplashViewController.swift in Sources */,
			);
			runOnlyForDeploymentPostprocessing = 0;
		};
/* End PBXSourcesBuildPhase section */

/* Begin PBXVariantGroup section */
		797FAFF32DFDB8D700057EAB /* Main.storyboard */ = {
			isa = PBXVariantGroup;
			children = (
				797FAFF42DFDB8D700057EAB /* Base */,
			);
			name = Main.storyboard;
			sourceTree = "<group>";
		};
		797FAFF82DFDB8D800057EAB /* LaunchScreen.storyboard */ = {
			isa = PBXVariantGroup;
			children = (
				797FAFF92DFDB8D800057EAB /* Base */,
			);
			name = LaunchScreen.storyboard;
			sourceTree = "<group>";
		};
/* End PBXVariantGroup section */

/* Begin XCBuildConfiguration section */
		797FAFFC2DFDB8D800057EAB /* Debug */ = {
			isa = XCBuildConfiguration;
			buildSettings = {
				ALWAYS_SEARCH_USER_PATHS = NO;
				ASSETCATALOG_COMPILER_GENERATE_SWIFT_ASSET_SYMBOL_EXTENSIONS = YES;
				CLANG_ANALYZER_NONNULL = YES;
				CLANG_ANALYZER_NUMBER_OBJECT_CONVERSION = YES_AGGRESSIVE;
				CLANG_CXX_LANGUAGE_STANDARD = "gnu++20";
				CLANG_ENABLE_MODULES = YES;
				CLANG_ENABLE_OBJC_ARC = YES;
				CLANG_ENABLE_OBJC_WEAK = YES;
				CLANG_WARN_BLOCK_CAPTURE_AUTORELEASING = YES;
				CLANG_WARN_BOOL_CONVERSION = YES;
				CLANG_WARN_COMMA = YES;
				CLANG_WARN_CONSTANT_CONVERSION = YES;
				CLANG_WARN_DEPRECATED_OBJC_IMPLEMENTATIONS = YES;
				CLANG_WARN_DIRECT_OBJC_ISA_USAGE = YES_ERROR;
				CLANG_WARN_DOCUMENTATION_COMMENTS = YES;
				CLANG_WARN_EMPTY_BODY = YES;
				CLANG_WARN_ENUM_CONVERSION = YES;
				CLANG_WARN_INFINITE_RECURSION = YES;
				CLANG_WARN_INT_CONVERSION = YES;
				CLANG_WARN_NON_LITERAL_NULL_CONVERSION = YES;
				CLANG_WARN_OBJC_IMPLICIT_RETAIN_SELF = YES;
				CLANG_WARN_OBJC_LITERAL_CONVERSION = YES;
				CLANG_WARN_OBJC_ROOT_CLASS = YES_ERROR;
				CLANG_WARN_QUOTED_INCLUDE_IN_FRAMEWORK_HEADER = YES;
				CLANG_WARN_RANGE_LOOP_ANALYSIS = YES;
				CLANG_WARN_STRICT_PROTOTYPES = YES;
				CLANG_WARN_SUSPICIOUS_MOVE = YES;
				CLANG_WARN_UNGUARDED_AVAILABILITY = YES_AGGRESSIVE;
				CLANG_WARN_UNREACHABLE_CODE = YES;
				CLANG_WARN__DUPLICATE_METHOD_MATCH = YES;
				COPY_PHASE_STRIP = NO;
				DEBUG_INFORMATION_FORMAT = dwarf;
				ENABLE_STRICT_OBJC_MSGSEND = YES;
				ENABLE_TESTABILITY = YES;
				ENABLE_USER_SCRIPT_SANDBOXING = YES;
				GCC_C_LANGUAGE_STANDARD = gnu17;
				GCC_DYNAMIC_NO_PIC = NO;
				GCC_NO_COMMON_BLOCKS = YES;
				GCC_OPTIMIZATION_LEVEL = 0;
				GCC_PREPROCESSOR_DEFINITIONS = (
					"DEBUG=1",
					"$(inherited)",
				);
				GCC_WARN_64_TO_32_BIT_CONVERSION = YES;
				GCC_WARN_ABOUT_RETURN_TYPE = YES_ERROR;
				GCC_WARN_UNDECLARED_SELECTOR = YES;
				GCC_WARN_UNINITIALIZED_AUTOS = YES_AGGRESSIVE;
				GCC_WARN_UNUSED_FUNCTION = YES;
				GCC_WARN_UNUSED_VARIABLE = YES;
				IPHONEOS_DEPLOYMENT_TARGET = 17.0;
				LOCALIZATION_PREFERS_STRING_CATALOGS = YES;
				MTL_ENABLE_DEBUG_INFO = INCLUDE_SOURCE;
				MTL_FAST_MATH = YES;
				ONLY_ACTIVE_ARCH = YES;
				SDKROOT = iphoneos;
				SWIFT_ACTIVE_COMPILATION_CONDITIONS = "DEBUG $(inherited)";
				SWIFT_OPTIMIZATION_LEVEL = "-Onone";
			};
			name = Debug;
		};
		797FAFFD2DFDB8D800057EAB /* Release */ = {
			isa = XCBuildConfiguration;
			buildSettings = {
				ALWAYS_SEARCH_USER_PATHS = NO;
				ASSETCATALOG_COMPILER_GENERATE_SWIFT_ASSET_SYMBOL_EXTENSIONS = YES;
				CLANG_ANALYZER_NONNULL = YES;
				CLANG_ANALYZER_NUMBER_OBJECT_CONVERSION = YES_AGGRESSIVE;
				CLANG_CXX_LANGUAGE_STANDARD = "gnu++20";
				CLANG_ENABLE_MODULES = YES;
				CLANG_ENABLE_OBJC_ARC = YES;
				CLANG_ENABLE_OBJC_WEAK = YES;
				CLANG_WARN_BLOCK_CAPTURE_AUTORELEASING = YES;
				CLANG_WARN_BOOL_CONVERSION = YES;
				CLANG_WARN_COMMA = YES;
				CLANG_WARN_CONSTANT_CONVERSION = YES;
				CLANG_WARN_DEPRECATED_OBJC_IMPLEMENTATIONS = YES;
				CLANG_WARN_DIRECT_OBJC_ISA_USAGE = YES_ERROR;
				CLANG_WARN_DOCUMENTATION_COMMENTS = YES;
				CLANG_WARN_EMPTY_BODY = YES;
				CLANG_WARN_ENUM_CONVERSION = YES;
				CLANG_WARN_INFINITE_RECURSION = YES;
				CLANG_WARN_INT_CONVERSION = YES;
				CLANG_WARN_NON_LITERAL_NULL_CONVERSION = YES;
				CLANG_WARN_OBJC_IMPLICIT_RETAIN_SELF = YES;
				CLANG_WARN_OBJC_LITERAL_CONVERSION = YES;
				CLANG_WARN_OBJC_ROOT_CLASS = YES_ERROR;
				CLANG_WARN_QUOTED_INCLUDE_IN_FRAMEWORK_HEADER = YES;
				CLANG_WARN_RANGE_LOOP_ANALYSIS = YES;
				CLANG_WARN_STRICT_PROTOTYPES = YES;
				CLANG_WARN_SUSPICIOUS_MOVE = YES;
				CLANG_WARN_UNGUARDED_AVAILABILITY = YES_AGGRESSIVE;
				CLANG_WARN_UNREACHABLE_CODE = YES;
				CLANG_WARN__DUPLICATE_METHOD_MATCH = YES;
				COPY_PHASE_STRIP = NO;
				DEBUG_INFORMATION_FORMAT = "dwarf-with-dsym";
				ENABLE_NS_ASSERTIONS = NO;
				ENABLE_STRICT_OBJC_MSGSEND = YES;
				ENABLE_USER_SCRIPT_SANDBOXING = YES;
				GCC_C_LANGUAGE_STANDARD = gnu17;
				GCC_NO_COMMON_BLOCKS = YES;
				GCC_WARN_64_TO_32_BIT_CONVERSION = YES;
				GCC_WARN_ABOUT_RETURN_TYPE = YES_ERROR;
				GCC_WARN_UNDECLARED_SELECTOR = YES;
				GCC_WARN_UNINITIALIZED_AUTOS = YES_AGGRESSIVE;
				GCC_WARN_UNUSED_FUNCTION = YES;
				GCC_WARN_UNUSED_VARIABLE = YES;
				IPHONEOS_DEPLOYMENT_TARGET = 17.0;
				LOCALIZATION_PREFERS_STRING_CATALOGS = YES;
				MTL_ENABLE_DEBUG_INFO = NO;
				MTL_FAST_MATH = YES;
				SDKROOT = iphoneos;
				SWIFT_COMPILATION_MODE = wholemodule;
				VALIDATE_PRODUCT = YES;
			};
			name = Release;
		};
		797FAFFF2DFDB8D800057EAB /* Debug */ = {
			isa = XCBuildConfiguration;
			buildSettings = {
				ASSETCATALOG_COMPILER_APPICON_NAME = AppIcon;
				ASSETCATALOG_COMPILER_GLOBAL_ACCENT_COLOR_NAME = AccentColor;
				CODE_SIGN_STYLE = Automatic;
				CURRENT_PROJECT_VERSION = 1;
				GENERATE_INFOPLIST_FILE = YES;
				INFOPLIST_FILE = LoodosCase/Info.plist;
				INFOPLIST_KEY_UIApplicationSupportsIndirectInputEvents = YES;
				INFOPLIST_KEY_UILaunchStoryboardName = LaunchScreen;
				INFOPLIST_KEY_UIMainStoryboardFile = Main;
				INFOPLIST_KEY_UISupportedInterfaceOrientations_iPad = "UIInterfaceOrientationPortrait UIInterfaceOrientationPortraitUpsideDown UIInterfaceOrientationLandscapeLeft UIInterfaceOrientationLandscapeRight";
				INFOPLIST_KEY_UISupportedInterfaceOrientations_iPhone = "UIInterfaceOrientationPortrait UIInterfaceOrientationLandscapeLeft UIInterfaceOrientationLandscapeRight";
				LD_RUNPATH_SEARCH_PATHS = (
					"$(inherited)",
					"@executable_path/Frameworks",
				);
				MARKETING_VERSION = 1.0;
				PRODUCT_BUNDLE_IDENTIFIER = com.duruaydogdu.LoodosCase;
				PRODUCT_NAME = "$(TARGET_NAME)";
				SWIFT_EMIT_LOC_STRINGS = YES;
				SWIFT_VERSION = 5.0;
				TARGETED_DEVICE_FAMILY = "1,2";
			};
			name = Debug;
		};
		797FB0002DFDB8D800057EAB /* Release */ = {
			isa = XCBuildConfiguration;
			buildSettings = {
				ASSETCATALOG_COMPILER_APPICON_NAME = AppIcon;
				ASSETCATALOG_COMPILER_GLOBAL_ACCENT_COLOR_NAME = AccentColor;
				CODE_SIGN_STYLE = Automatic;
				CURRENT_PROJECT_VERSION = 1;
				GENERATE_INFOPLIST_FILE = YES;
				INFOPLIST_FILE = LoodosCase/Info.plist;
				INFOPLIST_KEY_UIApplicationSupportsIndirectInputEvents = YES;
				INFOPLIST_KEY_UILaunchStoryboardName = LaunchScreen;
				INFOPLIST_KEY_UIMainStoryboardFile = Main;
				INFOPLIST_KEY_UISupportedInterfaceOrientations_iPad = "UIInterfaceOrientationPortrait UIInterfaceOrientationPortraitUpsideDown UIInterfaceOrientationLandscapeLeft UIInterfaceOrientationLandscapeRight";
				INFOPLIST_KEY_UISupportedInterfaceOrientations_iPhone = "UIInterfaceOrientationPortrait UIInterfaceOrientationLandscapeLeft UIInterfaceOrientationLandscapeRight";
				LD_RUNPATH_SEARCH_PATHS = (
					"$(inherited)",
					"@executable_path/Frameworks",
				);
				MARKETING_VERSION = 1.0;
				PRODUCT_BUNDLE_IDENTIFIER = com.duruaydogdu.LoodosCase;
				PRODUCT_NAME = "$(TARGET_NAME)";
				SWIFT_EMIT_LOC_STRINGS = YES;
				SWIFT_VERSION = 5.0;
				TARGETED_DEVICE_FAMILY = "1,2";
			};
			name = Release;
		};
/* End XCBuildConfiguration section */

/* Begin XCConfigurationList section */
		797FAFE52DFDB8D700057EAB /* Build configuration list for PBXProject "LoodosCase" */ = {
			isa = XCConfigurationList;
			buildConfigurations = (
				797FAFFC2DFDB8D800057EAB /* Debug */,
				797FAFFD2DFDB8D800057EAB /* Release */,
			);
			defaultConfigurationIsVisible = 0;
			defaultConfigurationName = Release;
		};
		797FAFFE2DFDB8D800057EAB /* Build configuration list for PBXNativeTarget "LoodosCase" */ = {
			isa = XCConfigurationList;
			buildConfigurations = (
				797FAFFF2DFDB8D800057EAB /* Debug */,
				797FB0002DFDB8D800057EAB /* Release */,
			);
			defaultConfigurationIsVisible = 0;
			defaultConfigurationName = Release;
		};
/* End XCConfigurationList section */

/* Begin XCRemoteSwiftPackageReference section */
		797FB0032DFEB24300057EAB /* XCRemoteSwiftPackageReference "firebase-ios-sdk" */ = {
			isa = XCRemoteSwiftPackageReference;
			repositoryURL = "https://github.com/firebase/firebase-ios-sdk";
			requirement = {
				kind = upToNextMajorVersion;
				minimumVersion = 11.14.0;
			};
		};
/* End XCRemoteSwiftPackageReference section */

/* Begin XCSwiftPackageProductDependency section */
		797FB0042DFEB24300057EAB /* FirebaseAnalytics */ = {
			isa = XCSwiftPackageProductDependency;
			package = 797FB0032DFEB24300057EAB /* XCRemoteSwiftPackageReference "firebase-ios-sdk" */;
			productName = FirebaseAnalytics;
		};
		797FB0062DFEB24300057EAB /* FirebaseCore */ = {
			isa = XCSwiftPackageProductDependency;
			package = 797FB0032DFEB24300057EAB /* XCRemoteSwiftPackageReference "firebase-ios-sdk" */;
			productName = FirebaseCore;
		};
		797FB0082DFEB24300057EAB /* FirebaseMessaging */ = {
			isa = XCSwiftPackageProductDependency;
			package = 797FB0032DFEB24300057EAB /* XCRemoteSwiftPackageReference "firebase-ios-sdk" */;
			productName = FirebaseMessaging;
		};
		797FB00A2DFEB24300057EAB /* FirebaseRemoteConfig */ = {
			isa = XCSwiftPackageProductDependency;
			package = 797FB0032DFEB24300057EAB /* XCRemoteSwiftPackageReference "firebase-ios-sdk" */;
			productName = FirebaseRemoteConfig;
		};
/* End XCSwiftPackageProductDependency section */
	};
	rootObject = 797FAFE22DFDB8D700057EAB /* Project object */;
}
